
Microsoft Visual Studio Solution File, Format Version 12.00
# Visual Studio Version 17
VisualStudioVersion = 17.8.34316.72
MinimumVisualStudioVersion = 10.0.40219.1
Project("{9A19103F-16F7-4668-BE54-9A1E7A4F7556}") = "BattleNETProxy.Models", "BattleNETProxy.Models.csproj", "{7E5D5EF4-BB7F-4AAF-8CF6-B18B406846B7}"
EndProject
Project("{FAE04EC0-301F-11D3-BF4B-00C04F79EFBC}") = "BattleNETConsole", "..\BattleNETConsole\BattleNETConsole.csproj", "{EDC7A02D-71DF-4CEE-AF67-7DBB341EBF36}"
EndProject
Global
	GlobalSection(SolutionConfigurationPlatforms) = preSolution
		Debug|Any CPU = Debug|Any CPU
		Release|Any CPU = Release|Any CPU
	EndGlobalSection
	GlobalSection(ProjectConfigurationPlatforms) = postSolution
		{7E5D5EF4-BB7F-4AAF-8CF6-B18B406846B7}.Debug|Any CPU.ActiveCfg = Debug|Any CPU
		{7E5D5EF4-BB7F-4AAF-8CF6-B18B406846B7}.Debug|Any CPU.Build.0 = Debug|Any CPU
		{7E5D5EF4-BB7F-4AAF-8CF6-B18B406846B7}.Release|Any CPU.ActiveCfg = Release|Any CPU
		{7E5D5EF4-BB7F-4AAF-8CF6-B18B406846B7}.Release|Any CPU.Build.0 = Release|Any CPU
		{EDC7A02D-71DF-4CEE-AF67-7DBB341EBF36}.Debug|Any CPU.ActiveCfg = Debug|Any CPU
		{EDC7A02D-71DF-4CEE-AF67-7DBB341EBF36}.Debug|Any CPU.Build.0 = Debug|Any CPU
		{EDC7A02D-71DF-4CEE-AF67-7DBB341EBF36}.Release|Any CPU.ActiveCfg = Release|Any CPU
		{EDC7A02D-71DF-4CEE-AF67-7DBB341EBF36}.Release|Any CPU.Build.0 = Release|Any CPU
	EndGlobalSection
	GlobalSection(SolutionProperties) = preSolution
		HideSolutionNode = FALSE
	EndGlobalSection
	GlobalSection(ExtensibilityGlobals) = postSolution
		SolutionGuid = {FFD02D03-983B-4A75-92C6-07650D974F54}
	EndGlobalSection
EndGlobal
